
Microsoft Visual Studio Solution File, Format Version 12.00
# Visual Studio Version 16
VisualStudioVersion = 16.0.30320.27
MinimumVisualStudioVersion = 10.0.40219.1
Project("{FAE04EC0-301F-11D3-BF4B-00C04F79EFBC}") = "UserAPI", "UserAPI\UserAPI.csproj", "{86316755-B284-44BA-A66D-3F5175A2A5B0}"
EndProject
Global
	GlobalSection(SolutionConfigurationPlatforms) = preSolution
		Debug|Any CPU = Debug|Any CPU
		Release|Any CPU = Release|Any CPU
	EndGlobalSection
	GlobalSection(ProjectConfigurationPlatforms) = postSolution
		{86316755-B284-44BA-A66D-3F5175A2A5B0}.Debug|Any CPU.ActiveCfg = Debug|Any CPU
		{86316755-B284-44BA-A66D-3F5175A2A5B0}.Debug|Any CPU.Build.0 = Debug|Any CPU
		{86316755-B284-44BA-A66D-3F5175A2A5B0}.Release|Any CPU.ActiveCfg = Release|Any CPU
		{86316755-B284-44BA-A66D-3F5175A2A5B0}.Release|Any CPU.Build.0 = Release|Any CPU
	EndGlobalSection
	GlobalSection(SolutionProperties) = preSolution
		HideSolutionNode = FALSE
	EndGlobalSection
	GlobalSection(ExtensibilityGlobals) = postSolution
		SolutionGuid = {6A237FA3-0E56-493A-9CE3-C77248A9AB52}
	EndGlobalSection
EndGlobal
